<?xml version="1.0" encoding="utf-8"?>
<Project ToolsVersion="4.0" xmlns="http://schemas.microsoft.com/developer/msbuild/2003">
  <ItemGroup>
    <Filter Include="2020.02.17">
      <UniqueIdentifier>{2ff4632f-b536-45d0-a635-8e951357e8e7}</UniqueIdentifier>
    </Filter>
    <Filter Include="2020.02.20">
      <UniqueIdentifier>{319edc70-7f88-4b21-ab81-7f9920925bc0}</UniqueIdentifier>
    </Filter>
    <Filter Include="2020.02.22">
      <UniqueIdentifier>{ae88dbdf-83dd-4121-b877-57df2b9074f2}</UniqueIdentifier>
    </Filter>
    <Filter Include="2020.02.23">
      <UniqueIdentifier>{40539550-6822-4a53-a087-03989c7a0b22}</UniqueIdentifier>
    </Filter>
    <Filter Include="2020.02.24">
      <UniqueIdentifier>{0ec3e0cd-688a-45b9-8ae2-3c96a72a3921}</UniqueIdentifier>
    </Filter>
    <Filter Include="2020.03.08">
      <UniqueIdentifier>{861e2bc1-80db-456a-bfa4-701d80740f7a}</UniqueIdentifier>
    </Filter>
    <Filter Include="2020.03.12">
      <UniqueIdentifier>{9def986b-189c-48ed-ab1d-ddc111ba295c}</UniqueIdentifier>
    </Filter>
    <Filter Include="2020.03.15">
      <UniqueIdentifier>{03f45705-2dee-47ff-bed2-ae11b2193878}</UniqueIdentifier>
    </Filter>
  </ItemGroup>
  <ItemGroup>
    <ClCompile Include="한수%281065%29.cpp">
      <Filter>2020.02.17</Filter>
    </ClCompile>
    <ClCompile Include="셀프 넘버%284673%29.cpp">
      <Filter>2020.02.17</Filter>
    </ClCompile>
    <ClCompile Include="아스키 코드%2811654%29.cpp">
      <Filter>2020.02.20</Filter>
    </ClCompile>
    <ClCompile Include="숫자의 합%2811720%29.cpp">
      <Filter>2020.02.20</Filter>
    </ClCompile>
    <ClCompile Include="단어의 개수%281152%29.cpp">
      <Filter>2020.02.22</Filter>
    </ClCompile>
    <ClCompile Include="단어 공부%281157%29.cpp">
      <Filter>2020.02.22</Filter>
    </ClCompile>
    <ClCompile Include="문자열 반복%282675%29.cpp">
      <Filter>2020.02.22</Filter>
    </ClCompile>
    <ClCompile Include="알파벳 찾기%2810809%29.cpp">
      <Filter>2020.02.22</Filter>
    </ClCompile>
    <ClCompile Include="손익분기점%281712%29.cpp">
      <Filter>2020.02.23</Filter>
    </ClCompile>
    <ClCompile Include="달팽이는 올라가고 싶다%282869%29.cpp">
      <Filter>2020.02.23</Filter>
    </ClCompile>
    <ClCompile Include="상수%282908%29.cpp">
      <Filter>2020.02.23</Filter>
    </ClCompile>
    <ClCompile Include="크로아티아 알파벳%282941%29.cpp">
      <Filter>2020.02.23</Filter>
    </ClCompile>
    <ClCompile Include="다이얼%285622%29.cpp">
      <Filter>2020.02.23</Filter>
    </ClCompile>
    <ClCompile Include="그룹 단어 체커%281316%29.cpp">
      <Filter>2020.02.24</Filter>
    </ClCompile>
    <ClCompile Include="상근날드%285543%29.cpp">
      <Filter>2020.03.08</Filter>
    </ClCompile>
    <ClCompile Include="피보나치 수 5%2810870%29.cpp">
      <Filter>2020.03.08</Filter>
    </ClCompile>
    <ClCompile Include="팩토리얼%2810872%29.cpp">
      <Filter>2020.03.08</Filter>
    </ClCompile>
    <ClCompile Include="직각삼각형%284153%29.cpp">
      <Filter>2020.03.12</Filter>
    </ClCompile>
    <ClCompile Include="별 찍기 - 4(2441).cpp">
      <Filter>2020.03.15</Filter>
    </ClCompile>
    <ClCompile Include="별 찍기 - 3(2440).cpp">
      <Filter>2020.03.15</Filter>
    </ClCompile>
    <ClCompile Include="별 찍기 - 5%282442%29.cpp">
      <Filter>2020.03.15</Filter>
    </ClCompile>
  </ItemGroup>
</Project>